PODS:
  - CSSDeviceInfoManager (0.1.5):
    - CSSDeviceInfoManager/Sender (= 0.1.5)
    - CSSDeviceInfoTool
    - CSSKit
    - CSSNetworkClient
  - CSSDeviceInfoManager/Sender (0.1.5):
    - CSSDeviceInfoTool
    - CSSKit
    - CSSNetworkClient
  - CSSDeviceInfoTool (0.1.7):
    - CSSKit
  - CSSKit (0.1.7):
    - CSSKit/Foundation (= 0.1.7)
    - CSSKit/Macros (= 0.1.7)
    - CSSKit/Quartz (= 0.1.7)
    - CSSKit/UI (= 0.1.7)
  - CSSKit/Foundation (0.1.7)
  - CSSKit/Macros (0.1.7)
  - CSSKit/Quartz (0.1.7)
  - CSSKit/UI (0.1.7)
  - CSSNetworkClient (0.1.5):
    - CSSKit

DEPENDENCIES:
  - CSSDeviceInfoManager (from `../`)

SPEC REPOS:
  https://github.com/cocoapods/specs.git:
    - CSSDeviceInfoTool
    - CSSKit
    - CSSNetworkClient

EXTERNAL SOURCES:
  CSSDeviceInfoManager:
    :path: "../"

SPEC CHECKSUMS:
  CSSDeviceInfoManager: f8b4709a0d8a371d84d88ea749812f1d0cbca72d
  CSSDeviceInfoTool: 11a4a581e31450666dea6e7f65fe51aa5f2b05bd
  CSSKit: 4ddb67228ba28c5e6a2d1bb351dd145025208b3d
  CSSNetworkClient: 6a4ece4c650976d4f98b3c99de9bdf03c4de1264

PODFILE CHECKSUM: 67dc2c6d757f7c5a56ca4a01c8ccebec91a249df

COCOAPODS: 1.5.3
